// !$*UTF8*$!
{
	archiveVersion = 1;
	classes = {
	};
	objectVersion = 56;
	objects = {

/* Begin PBXBuildFile section */
		951F35702C296D450061DB17 /* TrackedObject.swift in Sources */ = {isa = PBXBuildFile; fileRef = 951F356F2C296D450061DB17 /* TrackedObject.swift */; };
		951F35782C2998070061DB17 /* Chair.usdz in Resources */ = {isa = PBXBuildFile; fileRef = 951F35762C2998070061DB17 /* Chair.usdz */; };
		951F35792C2998070061DB17 /* TV.usdz in Resources */ = {isa = PBXBuildFile; fileRef = 951F35772C2998070061DB17 /* TV.usdz */; };
		952E5C062C1C304400F30043 /* CommunicationController.swift in Sources */ = {isa = PBXBuildFile; fileRef = 952E5C052C1C304400F30043 /* CommunicationController.swift */; };
		9578CEF22C2BF5E3009BC720 /* Food.usdz in Resources */ = {isa = PBXBuildFile; fileRef = 9578CEF12C2BF5E3009BC720 /* Food.usdz */; };
		9578CF022C2BF7FD009BC720 /* Desk.usdz in Resources */ = {isa = PBXBuildFile; fileRef = 9578CF002C2BF7FD009BC720 /* Desk.usdz */; };
		95BBAB452C2AE92900CC960F /* SelectableTrackedObject.swift in Sources */ = {isa = PBXBuildFile; fileRef = 95BBAB442C2AE92900CC960F /* SelectableTrackedObject.swift */; };
		95BBAB472C2AF1D000CC960F /* SelectionMarker.swift in Sources */ = {isa = PBXBuildFile; fileRef = 95BBAB462C2AF1D000CC960F /* SelectionMarker.swift */; };
		95BDC7252C240A760059A658 /* Extensions.swift in Sources */ = {isa = PBXBuildFile; fileRef = 95BDC7192C240A760059A658 /* Extensions.swift */; };
		95BDC7262C240A760059A658 /* IndicatorView.swift in Sources */ = {isa = PBXBuildFile; fileRef = 95BDC71A2C240A760059A658 /* IndicatorView.swift */; };
		95BDC7292C240A760059A658 /* Planes.swift in Sources */ = {isa = PBXBuildFile; fileRef = 95BDC71D2C240A760059A658 /* Planes.swift */; };
		95E16BCD2C201469002BDF6C /* prompts.plist in Resources */ = {isa = PBXBuildFile; fileRef = 95E16BCC2C201469002BDF6C /* prompts.plist */; };
		AF3C9E172C1859B500C9332D /* ARViewController.xib in Resources */ = {isa = PBXBuildFile; fileRef = AF3C9E162C1859B500C9332D /* ARViewController.xib */; };
		AF5DC4D02C17121700549312 /* ProgettoApp.swift in Sources */ = {isa = PBXBuildFile; fileRef = AF5DC4CF2C17121700549312 /* ProgettoApp.swift */; };
		AF5DC4D42C17121800549312 /* Assets.xcassets in Resources */ = {isa = PBXBuildFile; fileRef = AF5DC4D32C17121800549312 /* Assets.xcassets */; };
		AF5DC4D72C17121800549312 /* Preview Assets.xcassets in Resources */ = {isa = PBXBuildFile; fileRef = AF5DC4D62C17121800549312 /* Preview Assets.xcassets */; };
		AF5DC4E02C17188100549312 /* ARViewController.swift in Sources */ = {isa = PBXBuildFile; fileRef = AF5DC4DF2C17188100549312 /* ARViewController.swift */; };
		AF7BE4D82C197CCF00A47958 /* ARManager.swift in Sources */ = {isa = PBXBuildFile; fileRef = AF7BE4D72C197CCF00A47958 /* ARManager.swift */; };
		AF7BE4DA2C19908700A47958 /* ARObjectAnchor.swift in Sources */ = {isa = PBXBuildFile; fileRef = AF7BE4D92C19908700A47958 /* ARObjectAnchor.swift */; };
		AF7D85D32C18730200789739 /* SelectObjectMenu.swift in Sources */ = {isa = PBXBuildFile; fileRef = AF7D85D22C18730200789739 /* SelectObjectMenu.swift */; };
		AF7D85D52C18749700789739 /* ARObject.swift in Sources */ = {isa = PBXBuildFile; fileRef = AF7D85D42C18749700789739 /* ARObject.swift */; };
		AF7D85D72C18756200789739 /* SettingsMenu.swift in Sources */ = {isa = PBXBuildFile; fileRef = AF7D85D62C18756200789739 /* SettingsMenu.swift */; };
/* End PBXBuildFile section */

/* Begin PBXFileReference section */
		951F356F2C296D450061DB17 /* TrackedObject.swift */ = {isa = PBXFileReference; lastKnownFileType = sourcecode.swift; path = TrackedObject.swift; sourceTree = "<group>"; };
		951F35762C2998070061DB17 /* Chair.usdz */ = {isa = PBXFileReference; lastKnownFileType = file.usdz; path = Chair.usdz; sourceTree = "<group>"; };
		951F35772C2998070061DB17 /* TV.usdz */ = {isa = PBXFileReference; lastKnownFileType = file.usdz; path = TV.usdz; sourceTree = "<group>"; };
		952E5C052C1C304400F30043 /* CommunicationController.swift */ = {isa = PBXFileReference; lastKnownFileType = sourcecode.swift; path = CommunicationController.swift; sourceTree = "<group>"; };
		9578CEF12C2BF5E3009BC720 /* Food.usdz */ = {isa = PBXFileReference; lastKnownFileType = file.usdz; path = Food.usdz; sourceTree = "<group>"; };
		9578CF002C2BF7FD009BC720 /* Desk.usdz */ = {isa = PBXFileReference; lastKnownFileType = file.usdz; path = Desk.usdz; sourceTree = "<group>"; };
		95BBAB442C2AE92900CC960F /* SelectableTrackedObject.swift */ = {isa = PBXFileReference; lastKnownFileType = sourcecode.swift; path = SelectableTrackedObject.swift; sourceTree = "<group>"; };
		95BBAB462C2AF1D000CC960F /* SelectionMarker.swift */ = {isa = PBXFileReference; lastKnownFileType = sourcecode.swift; path = SelectionMarker.swift; sourceTree = "<group>"; };
		95BDC7192C240A760059A658 /* Extensions.swift */ = {isa = PBXFileReference; fileEncoding = 4; lastKnownFileType = sourcecode.swift; path = Extensions.swift; sourceTree = "<group>"; };
		95BDC71A2C240A760059A658 /* IndicatorView.swift */ = {isa = PBXFileReference; fileEncoding = 4; lastKnownFileType = sourcecode.swift; path = IndicatorView.swift; sourceTree = "<group>"; };
		95BDC71D2C240A760059A658 /* Planes.swift */ = {isa = PBXFileReference; fileEncoding = 4; lastKnownFileType = sourcecode.swift; path = Planes.swift; sourceTree = "<group>"; };
		95E16BCC2C201469002BDF6C /* prompts.plist */ = {isa = PBXFileReference; lastKnownFileType = text.plist.xml; path = prompts.plist; sourceTree = "<group>"; };
		AF3C9E162C1859B500C9332D /* ARViewController.xib */ = {isa = PBXFileReference; lastKnownFileType = file.xib; path = ARViewController.xib; sourceTree = "<group>"; };
		AF5DC4CC2C17121700549312 /* Progetto.app */ = {isa = PBXFileReference; explicitFileType = wrapper.application; includeInIndex = 0; path = Progetto.app; sourceTree = BUILT_PRODUCTS_DIR; };
		AF5DC4CF2C17121700549312 /* ProgettoApp.swift */ = {isa = PBXFileReference; lastKnownFileType = sourcecode.swift; path = ProgettoApp.swift; sourceTree = "<group>"; };
		AF5DC4D32C17121800549312 /* Assets.xcassets */ = {isa = PBXFileReference; lastKnownFileType = folder.assetcatalog; path = Assets.xcassets; sourceTree = "<group>"; };
		AF5DC4D62C17121800549312 /* Preview Assets.xcassets */ = {isa = PBXFileReference; lastKnownFileType = folder.assetcatalog; path = "Preview Assets.xcassets"; sourceTree = "<group>"; };
		AF5DC4DF2C17188100549312 /* ARViewController.swift */ = {isa = PBXFileReference; lastKnownFileType = sourcecode.swift; path = ARViewController.swift; sourceTree = "<group>"; };
		AF7BE4D72C197CCF00A47958 /* ARManager.swift */ = {isa = PBXFileReference; lastKnownFileType = sourcecode.swift; path = ARManager.swift; sourceTree = "<group>"; };
		AF7BE4D92C19908700A47958 /* ARObjectAnchor.swift */ = {isa = PBXFileReference; lastKnownFileType = sourcecode.swift; path = ARObjectAnchor.swift; sourceTree = "<group>"; };
		AF7D85D22C18730200789739 /* SelectObjectMenu.swift */ = {isa = PBXFileReference; lastKnownFileType = sourcecode.swift; path = SelectObjectMenu.swift; sourceTree = "<group>"; };
		AF7D85D42C18749700789739 /* ARObject.swift */ = {isa = PBXFileReference; lastKnownFileType = sourcecode.swift; path = ARObject.swift; sourceTree = "<group>"; };
		AF7D85D62C18756200789739 /* SettingsMenu.swift */ = {isa = PBXFileReference; lastKnownFileType = sourcecode.swift; path = SettingsMenu.swift; sourceTree = "<group>"; };
/* End PBXFileReference section */

/* Begin PBXFrameworksBuildPhase section */
		AF5DC4C92C17121700549312 /* Frameworks */ = {
			isa = PBXFrameworksBuildPhase;
			buildActionMask = 2147483647;
			files = (
			);
			runOnlyForDeploymentPostprocessing = 0;
		};
/* End PBXFrameworksBuildPhase section */

/* Begin PBXGroup section */
		95BDC72E2C240F710059A658 /* Utils */ = {
			isa = PBXGroup;
			children = (
				95BDC7192C240A760059A658 /* Extensions.swift */,
				95BDC71A2C240A760059A658 /* IndicatorView.swift */,
				95BDC71D2C240A760059A658 /* Planes.swift */,
			);
			path = Utils;
			sourceTree = "<group>";
		};
		AF5DC4C32C17121700549312 = {
			isa = PBXGroup;
			children = (
				95E16BCC2C201469002BDF6C /* prompts.plist */,
				AF5DC4CE2C17121700549312 /* Progetto */,
				AF5DC4CD2C17121700549312 /* Products */,
			);
			sourceTree = "<group>";
		};
		AF5DC4CD2C17121700549312 /* Products */ = {
			isa = PBXGroup;
			children = (
				AF5DC4CC2C17121700549312 /* Progetto.app */,
			);
			name = Products;
			sourceTree = "<group>";
		};
		AF5DC4CE2C17121700549312 /* Progetto */ = {
			isa = PBXGroup;
			children = (
				AF7D85DA2C1876F700789739 /* ViewController */,
				AF7D85D92C1876E100789739 /* Model */,
				AF7D85D82C18769400789739 /* Objects */,
				AF5DC4CF2C17121700549312 /* ProgettoApp.swift */,
				AF5DC4D32C17121800549312 /* Assets.xcassets */,
				AF5DC4D52C17121800549312 /* Preview Content */,
			);
			path = Progetto;
			sourceTree = "<group>";
		};
		AF5DC4D52C17121800549312 /* Preview Content */ = {
			isa = PBXGroup;
			children = (
				AF5DC4D62C17121800549312 /* Preview Assets.xcassets */,
			);
			path = "Preview Content";
			sourceTree = "<group>";
		};
		AF7D85D82C18769400789739 /* Objects */ = {
			isa = PBXGroup;
			children = (
				951F35762C2998070061DB17 /* Chair.usdz */,
				9578CEF12C2BF5E3009BC720 /* Food.usdz */,
				9578CF002C2BF7FD009BC720 /* Desk.usdz */,
				951F35772C2998070061DB17 /* TV.usdz */,
			);
			path = Objects;
			sourceTree = "<group>";
		};
		AF7D85D92C1876E100789739 /* Model */ = {
			isa = PBXGroup;
			children = (
				AF7D85D42C18749700789739 /* ARObject.swift */,
				AF7BE4D92C19908700A47958 /* ARObjectAnchor.swift */,
				952E5C052C1C304400F30043 /* CommunicationController.swift */,
				951F356F2C296D450061DB17 /* TrackedObject.swift */,
				95BBAB462C2AF1D000CC960F /* SelectionMarker.swift */,
				95BBAB442C2AE92900CC960F /* SelectableTrackedObject.swift */,
			);
			path = Model;
			sourceTree = "<group>";
		};
		AF7D85DA2C1876F700789739 /* ViewController */ = {
			isa = PBXGroup;
			children = (
				95BDC72E2C240F710059A658 /* Utils */,
				AF7D85DB2C18773900789739 /* Menus */,
				AF5DC4DF2C17188100549312 /* ARViewController.swift */,
				AF3C9E162C1859B500C9332D /* ARViewController.xib */,
				AF7BE4D72C197CCF00A47958 /* ARManager.swift */,
			);
			path = ViewController;
			sourceTree = "<group>";
		};
		AF7D85DB2C18773900789739 /* Menus */ = {
			isa = PBXGroup;
			children = (
				AF7D85D22C18730200789739 /* SelectObjectMenu.swift */,
				AF7D85D62C18756200789739 /* SettingsMenu.swift */,
			);
			path = Menus;
			sourceTree = "<group>";
		};
/* End PBXGroup section */

/* Begin PBXNativeTarget section */
		AF5DC4CB2C17121700549312 /* Progetto */ = {
			isa = PBXNativeTarget;
			buildConfigurationList = AF5DC4DA2C17121800549312 /* Build configuration list for PBXNativeTarget "Progetto" */;
			buildPhases = (
				AF5DC4C82C17121700549312 /* Sources */,
				AF5DC4C92C17121700549312 /* Frameworks */,
				AF5DC4CA2C17121700549312 /* Resources */,
			);
			buildRules = (
			);
			dependencies = (
			);
			name = Progetto;
			packageProductDependencies = (
			);
			productName = Progetto;
			productReference = AF5DC4CC2C17121700549312 /* Progetto.app */;
			productType = "com.apple.product-type.application";
		};
/* End PBXNativeTarget section */

/* Begin PBXProject section */
		AF5DC4C42C17121700549312 /* Project object */ = {
			isa = PBXProject;
			attributes = {
				BuildIndependentTargetsInParallel = 1;
				LastSwiftUpdateCheck = 1530;
				LastUpgradeCheck = 1540;
				TargetAttributes = {
					AF5DC4CB2C17121700549312 = {
						CreatedOnToolsVersion = 15.3;
					};
				};
			};
			buildConfigurationList = AF5DC4C72C17121700549312 /* Build configuration list for PBXProject "Progetto" */;
			compatibilityVersion = "Xcode 14.0";
			developmentRegion = en;
			hasScannedForEncodings = 0;
			knownRegions = (
				en,
				Base,
			);
			mainGroup = AF5DC4C32C17121700549312;
			packageReferences = (
			);
			productRefGroup = AF5DC4CD2C17121700549312 /* Products */;
			projectDirPath = "";
			projectRoot = "";
			targets = (
				AF5DC4CB2C17121700549312 /* Progetto */,
			);
		};
/* End PBXProject section */

/* Begin PBXResourcesBuildPhase section */
		AF5DC4CA2C17121700549312 /* Resources */ = {
			isa = PBXResourcesBuildPhase;
			buildActionMask = 2147483647;
			files = (
				951F35792C2998070061DB17 /* TV.usdz in Resources */,
				9578CEF22C2BF5E3009BC720 /* Food.usdz in Resources */,
				AF5DC4D72C17121800549312 /* Preview Assets.xcassets in Resources */,
				AF5DC4D42C17121800549312 /* Assets.xcassets in Resources */,
				95E16BCD2C201469002BDF6C /* prompts.plist in Resources */,
				951F35782C2998070061DB17 /* Chair.usdz in Resources */,
				9578CF022C2BF7FD009BC720 /* Desk.usdz in Resources */,
				AF3C9E172C1859B500C9332D /* ARViewController.xib in Resources */,
			);
			runOnlyForDeploymentPostprocessing = 0;
		};
/* End PBXResourcesBuildPhase section */

/* Begin PBXSourcesBuildPhase section */
		AF5DC4C82C17121700549312 /* Sources */ = {
			isa = PBXSourcesBuildPhase;
			buildActionMask = 2147483647;
			files = (
				AF7D85D72C18756200789739 /* SettingsMenu.swift in Sources */,
				AF7BE4DA2C19908700A47958 /* ARObjectAnchor.swift in Sources */,
				95BBAB472C2AF1D000CC960F /* SelectionMarker.swift in Sources */,
				AF7D85D52C18749700789739 /* ARObject.swift in Sources */,
				951F35702C296D450061DB17 /* TrackedObject.swift in Sources */,
				95BDC7262C240A760059A658 /* IndicatorView.swift in Sources */,
				95BBAB452C2AE92900CC960F /* SelectableTrackedObject.swift in Sources */,
				952E5C062C1C304400F30043 /* CommunicationController.swift in Sources */,
				AF7D85D32C18730200789739 /* SelectObjectMenu.swift in Sources */,
				AF5DC4D02C17121700549312 /* ProgettoApp.swift in Sources */,
				AF7BE4D82C197CCF00A47958 /* ARManager.swift in Sources */,
				95BDC7292C240A760059A658 /* Planes.swift in Sources */,
				AF5DC4E02C17188100549312 /* ARViewController.swift in Sources */,
				95BDC7252C240A760059A658 /* Extensions.swift in Sources */,
			);
			runOnlyForDeploymentPostprocessing = 0;
		};
/* End PBXSourcesBuildPhase section */

/* Begin XCBuildConfiguration section */
		AF5DC4D82C17121800549312 /* Debug */ = {
			isa = XCBuildConfiguration;
			buildSettings = {
				ALWAYS_SEARCH_USER_PATHS = NO;
				ASSETCATALOG_COMPILER_GENERATE_SWIFT_ASSET_SYMBOL_EXTENSIONS = YES;
				CLANG_ANALYZER_NONNULL = YES;
				CLANG_ANALYZER_NUMBER_OBJECT_CONVERSION = YES_AGGRESSIVE;
				CLANG_CXX_LANGUAGE_STANDARD = "gnu++20";
				CLANG_ENABLE_MODULES = YES;
				CLANG_ENABLE_OBJC_ARC = YES;
				CLANG_ENABLE_OBJC_WEAK = YES;
				CLANG_WARN_BLOCK_CAPTURE_AUTORELEASING = YES;
				CLANG_WARN_BOOL_CONVERSION = YES;
				CLANG_WARN_COMMA = YES;
				CLANG_WARN_CONSTANT_CONVERSION = YES;
				CLANG_WARN_DEPRECATED_OBJC_IMPLEMENTATIONS = YES;
				CLANG_WARN_DIRECT_OBJC_ISA_USAGE = YES_ERROR;
				CLANG_WARN_DOCUMENTATION_COMMENTS = YES;
				CLANG_WARN_EMPTY_BODY = YES;
				CLANG_WARN_ENUM_CONVERSION = YES;
				CLANG_WARN_INFINITE_RECURSION = YES;
				CLANG_WARN_INT_CONVERSION = YES;
				CLANG_WARN_NON_LITERAL_NULL_CONVERSION = YES;
				CLANG_WARN_OBJC_IMPLICIT_RETAIN_SELF = YES;
				CLANG_WARN_OBJC_LITERAL_CONVERSION = YES;
				CLANG_WARN_OBJC_ROOT_CLASS = YES_ERROR;
				CLANG_WARN_QUOTED_INCLUDE_IN_FRAMEWORK_HEADER = YES;
				CLANG_WARN_RANGE_LOOP_ANALYSIS = YES;
				CLANG_WARN_STRICT_PROTOTYPES = YES;
				CLANG_WARN_SUSPICIOUS_MOVE = YES;
				CLANG_WARN_UNGUARDED_AVAILABILITY = YES_AGGRESSIVE;
				CLANG_WARN_UNREACHABLE_CODE = YES;
				CLANG_WARN__DUPLICATE_METHOD_MATCH = YES;
				COPY_PHASE_STRIP = NO;
				DEBUG_INFORMATION_FORMAT = dwarf;
				ENABLE_STRICT_OBJC_MSGSEND = YES;
				ENABLE_TESTABILITY = YES;
				ENABLE_USER_SCRIPT_SANDBOXING = YES;
				GCC_C_LANGUAGE_STANDARD = gnu17;
				GCC_DYNAMIC_NO_PIC = NO;
				GCC_NO_COMMON_BLOCKS = YES;
				GCC_OPTIMIZATION_LEVEL = 0;
				GCC_PREPROCESSOR_DEFINITIONS = (
					"DEBUG=1",
					"$(inherited)",
				);
				GCC_WARN_64_TO_32_BIT_CONVERSION = YES;
				GCC_WARN_ABOUT_RETURN_TYPE = YES_ERROR;
				GCC_WARN_UNDECLARED_SELECTOR = YES;
				GCC_WARN_UNINITIALIZED_AUTOS = YES_AGGRESSIVE;
				GCC_WARN_UNUSED_FUNCTION = YES;
				GCC_WARN_UNUSED_VARIABLE = YES;
				IPHONEOS_DEPLOYMENT_TARGET = 17.4;
				LOCALIZATION_PREFERS_STRING_CATALOGS = YES;
				MTL_ENABLE_DEBUG_INFO = INCLUDE_SOURCE;
				MTL_FAST_MATH = YES;
				ONLY_ACTIVE_ARCH = YES;
				SDKROOT = iphoneos;
				SWIFT_ACTIVE_COMPILATION_CONDITIONS = "DEBUG $(inherited)";
				SWIFT_OPTIMIZATION_LEVEL = "-Onone";
			};
			name = Debug;
		};
		AF5DC4D92C17121800549312 /* Release */ = {
			isa = XCBuildConfiguration;
			buildSettings = {
				ALWAYS_SEARCH_USER_PATHS = NO;
				ASSETCATALOG_COMPILER_GENERATE_SWIFT_ASSET_SYMBOL_EXTENSIONS = YES;
				CLANG_ANALYZER_NONNULL = YES;
				CLANG_ANALYZER_NUMBER_OBJECT_CONVERSION = YES_AGGRESSIVE;
				CLANG_CXX_LANGUAGE_STANDARD = "gnu++20";
				CLANG_ENABLE_MODULES = YES;
				CLANG_ENABLE_OBJC_ARC = YES;
				CLANG_ENABLE_OBJC_WEAK = YES;
				CLANG_WARN_BLOCK_CAPTURE_AUTORELEASING = YES;
				CLANG_WARN_BOOL_CONVERSION = YES;
				CLANG_WARN_COMMA = YES;
				CLANG_WARN_CONSTANT_CONVERSION = YES;
				CLANG_WARN_DEPRECATED_OBJC_IMPLEMENTATIONS = YES;
				CLANG_WARN_DIRECT_OBJC_ISA_USAGE = YES_ERROR;
				CLANG_WARN_DOCUMENTATION_COMMENTS = YES;
				CLANG_WARN_EMPTY_BODY = YES;
				CLANG_WARN_ENUM_CONVERSION = YES;
				CLANG_WARN_INFINITE_RECURSION = YES;
				CLANG_WARN_INT_CONVERSION = YES;
				CLANG_WARN_NON_LITERAL_NULL_CONVERSION = YES;
				CLANG_WARN_OBJC_IMPLICIT_RETAIN_SELF = YES;
				CLANG_WARN_OBJC_LITERAL_CONVERSION = YES;
				CLANG_WARN_OBJC_ROOT_CLASS = YES_ERROR;
				CLANG_WARN_QUOTED_INCLUDE_IN_FRAMEWORK_HEADER = YES;
				CLANG_WARN_RANGE_LOOP_ANALYSIS = YES;
				CLANG_WARN_STRICT_PROTOTYPES = YES;
				CLANG_WARN_SUSPICIOUS_MOVE = YES;
				CLANG_WARN_UNGUARDED_AVAILABILITY = YES_AGGRESSIVE;
				CLANG_WARN_UNREACHABLE_CODE = YES;
				CLANG_WARN__DUPLICATE_METHOD_MATCH = YES;
				COPY_PHASE_STRIP = NO;
				DEBUG_INFORMATION_FORMAT = "dwarf-with-dsym";
				ENABLE_NS_ASSERTIONS = NO;
				ENABLE_STRICT_OBJC_MSGSEND = YES;
				ENABLE_USER_SCRIPT_SANDBOXING = YES;
				GCC_C_LANGUAGE_STANDARD = gnu17;
				GCC_NO_COMMON_BLOCKS = YES;
				GCC_WARN_64_TO_32_BIT_CONVERSION = YES;
				GCC_WARN_ABOUT_RETURN_TYPE = YES_ERROR;
				GCC_WARN_UNDECLARED_SELECTOR = YES;
				GCC_WARN_UNINITIALIZED_AUTOS = YES_AGGRESSIVE;
				GCC_WARN_UNUSED_FUNCTION = YES;
				GCC_WARN_UNUSED_VARIABLE = YES;
				IPHONEOS_DEPLOYMENT_TARGET = 17.4;
				LOCALIZATION_PREFERS_STRING_CATALOGS = YES;
				MTL_ENABLE_DEBUG_INFO = NO;
				MTL_FAST_MATH = YES;
				SDKROOT = iphoneos;
				SWIFT_COMPILATION_MODE = wholemodule;
				VALIDATE_PRODUCT = YES;
			};
			name = Release;
		};
		AF5DC4DB2C17121800549312 /* Debug */ = {
			isa = XCBuildConfiguration;
			buildSettings = {
				ASSETCATALOG_COMPILER_APPICON_NAME = AppIcon;
				ASSETCATALOG_COMPILER_GLOBAL_ACCENT_COLOR_NAME = AccentColor;
				CODE_SIGN_STYLE = Automatic;
				CURRENT_PROJECT_VERSION = 1;
				DEVELOPMENT_ASSET_PATHS = "\"Progetto/Preview Content\"";
				DEVELOPMENT_TEAM = 54LA74JLVY;
				ENABLE_PREVIEWS = YES;
				GENERATE_INFOPLIST_FILE = YES;
				INFOPLIST_FILE = Progetto/Info.plist;
				INFOPLIST_KEY_NSCameraUsageDescription = "Augmented Reality uses live images from the Camera.";
				INFOPLIST_KEY_NSPhotoLibraryUsageDescription = "Used for testing";
				INFOPLIST_KEY_UIApplicationSceneManifest_Generation = YES;
				INFOPLIST_KEY_UIApplicationSupportsIndirectInputEvents = YES;
				INFOPLIST_KEY_UILaunchScreen_Generation = YES;
				INFOPLIST_KEY_UISupportedInterfaceOrientations_iPad = "UIInterfaceOrientationPortrait UIInterfaceOrientationPortraitUpsideDown UIInterfaceOrientationLandscapeLeft UIInterfaceOrientationLandscapeRight";
				INFOPLIST_KEY_UISupportedInterfaceOrientations_iPhone = "UIInterfaceOrientationPortrait UIInterfaceOrientationLandscapeLeft UIInterfaceOrientationLandscapeRight";
				IPHONEOS_DEPLOYMENT_TARGET = 16.0;
				LD_RUNPATH_SEARCH_PATHS = (
					"$(inherited)",
					"@executable_path/Frameworks",
				);
				MARKETING_VERSION = 1.0;
				PRODUCT_BUNDLE_IDENTIFIER = manzoni.Progetto;
				PRODUCT_NAME = "$(TARGET_NAME)";
				SUPPORTED_PLATFORMS = "iphoneos iphonesimulator";
				SUPPORTS_MACCATALYST = NO;
				SUPPORTS_XR_DESIGNED_FOR_IPHONE_IPAD = NO;
				SWIFT_EMIT_LOC_STRINGS = YES;
				SWIFT_VERSION = 5.0;
				TARGETED_DEVICE_FAMILY = "1,2";
			};
			name = Debug;
		};
		AF5DC4DC2C17121800549312 /* Release */ = {
			isa = XCBuildConfiguration;
			buildSettings = {
				ASSETCATALOG_COMPILER_APPICON_NAME = AppIcon;
				ASSETCATALOG_COMPILER_GLOBAL_ACCENT_COLOR_NAME = AccentColor;
				CODE_SIGN_STYLE = Automatic;
				CURRENT_PROJECT_VERSION = 1;
				DEVELOPMENT_ASSET_PATHS = "\"Progetto/Preview Content\"";
				DEVELOPMENT_TEAM = 54LA74JLVY;
				ENABLE_PREVIEWS = YES;
				GENERATE_INFOPLIST_FILE = YES;
				INFOPLIST_FILE = Progetto/Info.plist;
				INFOPLIST_KEY_NSCameraUsageDescription = "Augmented Reality uses live images from the Camera.";
				INFOPLIST_KEY_NSPhotoLibraryUsageDescription = "Used for testing";
				INFOPLIST_KEY_UIApplicationSceneManifest_Generation = YES;
				INFOPLIST_KEY_UIApplicationSupportsIndirectInputEvents = YES;
				INFOPLIST_KEY_UILaunchScreen_Generation = YES;
				INFOPLIST_KEY_UISupportedInterfaceOrientations_iPad = "UIInterfaceOrientationPortrait UIInterfaceOrientationPortraitUpsideDown UIInterfaceOrientationLandscapeLeft UIInterfaceOrientationLandscapeRight";
				INFOPLIST_KEY_UISupportedInterfaceOrientations_iPhone = "UIInterfaceOrientationPortrait UIInterfaceOrientationLandscapeLeft UIInterfaceOrientationLandscapeRight";
				IPHONEOS_DEPLOYMENT_TARGET = 16.0;
				LD_RUNPATH_SEARCH_PATHS = (
					"$(inherited)",
					"@executable_path/Frameworks",
				);
				MARKETING_VERSION = 1.0;
				PRODUCT_BUNDLE_IDENTIFIER = manzoni.Progetto;
				PRODUCT_NAME = "$(TARGET_NAME)";
				SUPPORTED_PLATFORMS = "iphoneos iphonesimulator";
				SUPPORTS_MACCATALYST = NO;
				SUPPORTS_XR_DESIGNED_FOR_IPHONE_IPAD = NO;
				SWIFT_EMIT_LOC_STRINGS = YES;
				SWIFT_VERSION = 5.0;
				TARGETED_DEVICE_FAMILY = "1,2";
			};
			name = Release;
		};
/* End XCBuildConfiguration section */

/* Begin XCConfigurationList section */
		AF5DC4C72C17121700549312 /* Build configuration list for PBXProject "Progetto" */ = {
			isa = XCConfigurationList;
			buildConfigurations = (
				AF5DC4D82C17121800549312 /* Debug */,
				AF5DC4D92C17121800549312 /* Release */,
			);
			defaultConfigurationIsVisible = 0;
			defaultConfigurationName = Release;
		};
		AF5DC4DA2C17121800549312 /* Build configuration list for PBXNativeTarget "Progetto" */ = {
			isa = XCConfigurationList;
			buildConfigurations = (
				AF5DC4DB2C17121800549312 /* Debug */,
				AF5DC4DC2C17121800549312 /* Release */,
			);
			defaultConfigurationIsVisible = 0;
			defaultConfigurationName = Release;
		};
/* End XCConfigurationList section */
	};
	rootObject = AF5DC4C42C17121700549312 /* Project object */;
}
